
Microsoft Visual Studio Solution File, Format Version 12.00
# Visual Studio 15
VisualStudioVersion = 15.0.35213.121
MinimumVisualStudioVersion = 10.0.40219.1
Project("{FAE04EC0-301F-11D3-BF4B-00C04F79EFBC}") = "Flappy", "Flappy\Flappy.csproj", "{B7C051EF-8C11-4A9A-B066-21558EBDB1DC}"
EndProject
Global
	GlobalSection(SolutionConfigurationPlatforms) = preSolution
		Debug|Any CPU = Debug|Any CPU
		Release|Any CPU = Release|Any CPU
	EndGlobalSection
	GlobalSection(ProjectConfigurationPlatforms) = postSolution
		{B7C051EF-8C11-4A9A-B066-21558EBDB1DC}.Debug|Any CPU.ActiveCfg = Debug|Any CPU
		{B7C051EF-8C11-4A9A-B066-21558EBDB1DC}.Debug|Any CPU.Build.0 = Debug|Any CPU
		{B7C051EF-8C11-4A9A-B066-21558EBDB1DC}.Release|Any CPU.ActiveCfg = Release|Any CPU
		{B7C051EF-8C11-4A9A-B066-21558EBDB1DC}.Release|Any CPU.Build.0 = Release|Any CPU
	EndGlobalSection
	GlobalSection(SolutionProperties) = preSolution
		HideSolutionNode = FALSE
	EndGlobalSection
	GlobalSection(ExtensibilityGlobals) = postSolution
		SolutionGuid = {31172B9C-2CCC-4390-A1D7-E56A7215F553}
	EndGlobalSection
EndGlobal
